{
  "name": "metricell-test-final",
  "lockfileVersion": 3,
  "requires": true,
  "packages": {
    "": {
      "dependencies": {
        "@radix-ui/react-form": "^0.1.2",
        "lucide-react": "^0.475.0",
        "sonner": "^1.7.4"
      }
    },
    "node_modules/@radix-ui/primitive": {
      "version": "1.1.1",
      "resolved": "https://registry.npmjs.org/@radix-ui/primitive/-/primitive-1.1.1.tgz",
      "integrity": "sha512-SJ31y+Q/zAyShtXJc8x83i9TYdbAfHZ++tUZnvjJJqFjzsdUnKsxPL6IEtBlxKkU7yzer//GQtZSV4GbldL3YA==",
      "license": "MIT"
    },
    "node_modules/@radix-ui/react-compose-refs": {
      "version": "1.1.1",
      "resolved": "https://registry.npmjs.org/@radix-ui/react-compose-refs/-/react-compose-refs-1.1.1.tgz",
      "integrity": "sha512-Y9VzoRDSJtgFMUCoiZBDVo084VQ5hfpXxVE+NgkdNsjiDBByiImMZKKhxMwCbdHvhlENG6a833CbFkOQvTricw==",
      "license": "MIT",
      "peerDependencies": {
        "@types/react": "*",
        "react": "^16.8 || ^17.0 || ^18.0 || ^19.0 || ^19.0.0-rc"
      },
      "peerDependenciesMeta": {
        "@types/react": {
          "optional": true
        }
      }
    },
    "node_modules/@radix-ui/react-context": {
      "version": "1.1.1",
      "resolved": "https://registry.npmjs.org/@radix-ui/react-context/-/react-context-1.1.1.tgz",
      "integrity": "sha512-UASk9zi+crv9WteK/NU4PLvOoL3OuE6BWVKNF6hPRBtYBDXQ2u5iu3O59zUlJiTVvkyuycnqrztsHVJwcK9K+Q==",
      "license": "MIT",
      "peerDependencies": {
        "@types/react": "*",
        "react": "^16.8 || ^17.0 || ^18.0 || ^19.0 || ^19.0.0-rc"
      },
      "peerDependenciesMeta": {
        "@types/react": {
          "optional": true
        }
      }
    },
    "node_modules/@radix-ui/react-form": {
      "version": "0.1.2",
      "resolved": "https://registry.npmjs.org/@radix-ui/react-form/-/react-form-0.1.2.tgz",
      "integrity": "sha512-Owj1MjLq6/Rp85bgzYI+zRK5APLiWDtXDM63Z39FW15bNdehrcS+FjQgLGQYswFzipYu4GAA+t5w/VqvvNZ3ag==",
      "license": "MIT",
      "dependencies": {
        "@radix-ui/primitive": "1.1.1",
        "@radix-ui/react-compose-refs": "1.1.1",
        "@radix-ui/react-context": "1.1.1",
        "@radix-ui/react-id": "1.1.0",
        "@radix-ui/react-label": "2.1.2",
        "@radix-ui/react-primitive": "2.0.2"
      },
      "peerDependencies": {
        "@types/react": "*",
        "@types/react-dom": "*",
        "react": "^16.8 || ^17.0 || ^18.0 || ^19.0 || ^19.0.0-rc",
        "react-dom": "^16.8 || ^17.0 || ^18.0 || ^19.0 || ^19.0.0-rc"
      },
      "peerDependenciesMeta": {
        "@types/react": {
          "optional": true
        },
        "@types/react-dom": {
          "optional": true
        }
      }
    },
    "node_modules/@radix-ui/react-id": {
      "version": "1.1.0",
      "resolved": "https://registry.npmjs.org/@radix-ui/react-id/-/react-id-1.1.0.tgz",
      "integrity": "sha512-EJUrI8yYh7WOjNOqpoJaf1jlFIH2LvtgAl+YcFqNCa+4hj64ZXmPkAKOFs/ukjz3byN6bdb/AVUqHkI8/uWWMA==",
      "license": "MIT",
      "dependencies": {
        "@radix-ui/react-use-layout-effect": "1.1.0"
      },
      "peerDependencies": {
        "@types/react": "*",
        "react": "^16.8 || ^17.0 || ^18.0 || ^19.0 || ^19.0.0-rc"
      },
      "peerDependenciesMeta": {
        "@types/react": {
          "optional": true
        }
      }
    },
    "node_modules/@radix-ui/react-label": {
      "version": "2.1.2",
      "resolved": "https://registry.npmjs.org/@radix-ui/react-label/-/react-label-2.1.2.tgz",
      "integrity": "sha512-zo1uGMTaNlHehDyFQcDZXRJhUPDuukcnHz0/jnrup0JA6qL+AFpAnty+7VKa9esuU5xTblAZzTGYJKSKaBxBhw==",
      "license": "MIT",
      "dependencies": {
        "@radix-ui/react-primitive": "2.0.2"
      },
      "peerDependencies": {
        "@types/react": "*",
        "@types/react-dom": "*",
        "react": "^16.8 || ^17.0 || ^18.0 || ^19.0 || ^19.0.0-rc",
        "react-dom": "^16.8 || ^17.0 || ^18.0 || ^19.0 || ^19.0.0-rc"
      },
      "peerDependenciesMeta": {
        "@types/react": {
          "optional": true
        },
        "@types/react-dom": {
          "optional": true
        }
      }
    },
    "node_modules/@radix-ui/react-primitive": {
      "version": "2.0.2",
      "resolved": "https://registry.npmjs.org/@radix-ui/react-primitive/-/react-primitive-2.0.2.tgz",
      "integrity": "sha512-Ec/0d38EIuvDF+GZjcMU/Ze6MxntVJYO/fRlCPhCaVUyPY9WTalHJw54tp9sXeJo3tlShWpy41vQRgLRGOuz+w==",
      "license": "MIT",
      "dependencies": {
        "@radix-ui/react-slot": "1.1.2"
      },
      "peerDependencies": {
        "@types/react": "*",
        "@types/react-dom": "*",
        "react": "^16.8 || ^17.0 || ^18.0 || ^19.0 || ^19.0.0-rc",
        "react-dom": "^16.8 || ^17.0 || ^18.0 || ^19.0 || ^19.0.0-rc"
      },
      "peerDependenciesMeta": {
        "@types/react": {
          "optional": true
        },
        "@types/react-dom": {
          "optional": true
        }
      }
    },
    "node_modules/@radix-ui/react-slot": {
      "version": "1.1.2",
      "resolved": "https://registry.npmjs.org/@radix-ui/react-slot/-/react-slot-1.1.2.tgz",
      "integrity": "sha512-YAKxaiGsSQJ38VzKH86/BPRC4rh+b1Jpa+JneA5LRE7skmLPNAyeG8kPJj/oo4STLvlrs8vkf/iYyc3A5stYCQ==",
      "license": "MIT",
      "dependencies": {
        "@radix-ui/react-compose-refs": "1.1.1"
      },
      "peerDependencies": {
        "@types/react": "*",
        "react": "^16.8 || ^17.0 || ^18.0 || ^19.0 || ^19.0.0-rc"
      },
      "peerDependenciesMeta": {
        "@types/react": {
          "optional": true
        }
      }
    },
    "node_modules/@radix-ui/react-use-layout-effect": {
      "version": "1.1.0",
      "resolved": "https://registry.npmjs.org/@radix-ui/react-use-layout-effect/-/react-use-layout-effect-1.1.0.tgz",
      "integrity": "sha512-+FPE0rOdziWSrH9athwI1R0HDVbWlEhd+FR+aSDk4uWGmSJ9Z54sdZVDQPZAinJhJXwfT+qnj969mCsT2gfm5w==",
      "license": "MIT",
      "peerDependencies": {
        "@types/react": "*",
        "react": "^16.8 || ^17.0 || ^18.0 || ^19.0 || ^19.0.0-rc"
      },
      "peerDependenciesMeta": {
        "@types/react": {
          "optional": true
        }
      }
    },
    "node_modules/lucide-react": {
      "version": "0.475.0",
      "resolved": "https://registry.npmjs.org/lucide-react/-/lucide-react-0.475.0.tgz",
      "integrity": "sha512-NJzvVu1HwFVeZ+Gwq2q00KygM1aBhy/ZrhY9FsAgJtpB+E4R7uxRk9M2iKvHa6/vNxZydIB59htha4c2vvwvVg==",
      "license": "ISC",
      "peerDependencies": {
        "react": "^16.5.1 || ^17.0.0 || ^18.0.0 || ^19.0.0"
      }
    },
    "node_modules/react": {
      "version": "19.0.0",
      "resolved": "https://registry.npmjs.org/react/-/react-19.0.0.tgz",
      "integrity": "sha512-V8AVnmPIICiWpGfm6GLzCR/W5FXLchHop40W4nXBmdlEceh16rCN8O8LNWm5bh5XUX91fh7KpA+W0TgMKmgTpQ==",
      "license": "MIT",
      "peer": true,
      "engines": {
        "node": ">=0.10.0"
      }
    },
    "node_modules/react-dom": {
      "version": "19.0.0",
      "resolved": "https://registry.npmjs.org/react-dom/-/react-dom-19.0.0.tgz",
      "integrity": "sha512-4GV5sHFG0e/0AD4X+ySy6UJd3jVl1iNsNHdpad0qhABJ11twS3TTBnseqsKurKcsNqCEFeGL3uLpVChpIO3QfQ==",
      "license": "MIT",
      "peer": true,
      "dependencies": {
        "scheduler": "^0.25.0"
      },
      "peerDependencies": {
        "react": "^19.0.0"
      }
    },
    "node_modules/scheduler": {
      "version": "0.25.0",
      "resolved": "https://registry.npmjs.org/scheduler/-/scheduler-0.25.0.tgz",
      "integrity": "sha512-xFVuu11jh+xcO7JOAGJNOXld8/TcEHK/4CituBUeUb5hqxJLj9YuemAEuvm9gQ/+pgXYfbQuqAkiYu+u7YEsNA==",
      "license": "MIT",
      "peer": true
    },
    "node_modules/sonner": {
      "version": "1.7.4",
      "resolved": "https://registry.npmjs.org/sonner/-/sonner-1.7.4.tgz",
      "integrity": "sha512-DIS8z4PfJRbIyfVFDVnK9rO3eYDtse4Omcm6bt0oEr5/jtLgysmjuBl1frJ9E/EQZrFmKx2A8m/s5s9CRXIzhw==",
      "license": "MIT",
      "peerDependencies": {
        "react": "^18.0.0 || ^19.0.0 || ^19.0.0-rc",
        "react-dom": "^18.0.0 || ^19.0.0 || ^19.0.0-rc"
      }
    }
  }
}
